
Microsoft Visual Studio Solution File, Format Version 12.00
# Visual Studio 2012
Project("{FAE04EC0-301F-11D3-BF4B-00C04F79EFBC}") = "Cola -Doble-Circular-V2", "Cola -Doble-Circular-V2\Cola -Doble-Circular-V2.csproj", "{DBDDD96E-E9A0-4490-A005-9578B69DF0B8}"
EndProject
Global
	GlobalSection(SolutionConfigurationPlatforms) = preSolution
		Debug|Any CPU = Debug|Any CPU
		Release|Any CPU = Release|Any CPU
	EndGlobalSection
	GlobalSection(ProjectConfigurationPlatforms) = postSolution
		{DBDDD96E-E9A0-4490-A005-9578B69DF0B8}.Debug|Any CPU.ActiveCfg = Debug|Any CPU
		{DBDDD96E-E9A0-4490-A005-9578B69DF0B8}.Debug|Any CPU.Build.0 = Debug|Any CPU
		{DBDDD96E-E9A0-4490-A005-9578B69DF0B8}.Release|Any CPU.ActiveCfg = Release|Any CPU
		{DBDDD96E-E9A0-4490-A005-9578B69DF0B8}.Release|Any CPU.Build.0 = Release|Any CPU
	EndGlobalSection
	GlobalSection(SolutionProperties) = preSolution
		HideSolutionNode = FALSE
	EndGlobalSection
EndGlobal
